
Microsoft Visual Studio Solution File, Format Version 12.00
# Visual Studio Version 16
VisualStudioVersion = 16.0.29025.244
MinimumVisualStudioVersion = 10.0.40219.1
Project("{FAE04EC0-301F-11D3-BF4B-00C04F79EFBC}") = "4.1.AccessModidiers", "4.1.AccessModidiers\4.1.AccessModidiers.csproj", "{CE831C2F-9BD3-45D9-930A-6F79F8DC93EF}"
EndProject
Project("{FAE04EC0-301F-11D3-BF4B-00C04F79EFBC}") = "Amazon", "Amazon\Amazon.csproj", "{0BC267DD-096F-46A6-97B3-3A9774C69E2E}"
EndProject
Global
	GlobalSection(SolutionConfigurationPlatforms) = preSolution
		Debug|Any CPU = Debug|Any CPU
		Release|Any CPU = Release|Any CPU
	EndGlobalSection
	GlobalSection(ProjectConfigurationPlatforms) = postSolution
		{CE831C2F-9BD3-45D9-930A-6F79F8DC93EF}.Debug|Any CPU.ActiveCfg = Debug|Any CPU
		{CE831C2F-9BD3-45D9-930A-6F79F8DC93EF}.Debug|Any CPU.Build.0 = Debug|Any CPU
		{CE831C2F-9BD3-45D9-930A-6F79F8DC93EF}.Release|Any CPU.ActiveCfg = Release|Any CPU
		{CE831C2F-9BD3-45D9-930A-6F79F8DC93EF}.Release|Any CPU.Build.0 = Release|Any CPU
		{0BC267DD-096F-46A6-97B3-3A9774C69E2E}.Debug|Any CPU.ActiveCfg = Debug|Any CPU
		{0BC267DD-096F-46A6-97B3-3A9774C69E2E}.Debug|Any CPU.Build.0 = Debug|Any CPU
		{0BC267DD-096F-46A6-97B3-3A9774C69E2E}.Release|Any CPU.ActiveCfg = Release|Any CPU
		{0BC267DD-096F-46A6-97B3-3A9774C69E2E}.Release|Any CPU.Build.0 = Release|Any CPU
	EndGlobalSection
	GlobalSection(SolutionProperties) = preSolution
		HideSolutionNode = FALSE
	EndGlobalSection
	GlobalSection(ExtensibilityGlobals) = postSolution
		SolutionGuid = {20BD9C13-B275-411A-ABB7-C9A2B3CC54E3}
	EndGlobalSection
EndGlobal
